// !$*UTF8*$!
{
	archiveVersion = 1;
	classes = {
	};
	objectVersion = 56;
	objects = {

/* Begin PBXBuildFile section */
		BB1234560000000000000001 /* HotPatchDemo/AppDelegate.m in Sources */ = {isa = PBXBuildFile; fileRef = AA1234560000000000000001 /* HotPatchDemo/AppDelegate.m */; };
		BB1234560000000000000002 /* HotPatchDemo/ViewController.m in Sources */ = {isa = PBXBuildFile; fileRef = AA1234560000000000000002 /* HotPatchDemo/ViewController.m */; };
		BB1234560000000000000003 /* HotPatchDemo/dart_harness.c in Sources */ = {isa = PBXBuildFile; fileRef = AA1234560000000000000003 /* HotPatchDemo/dart_harness.c */; };
		BB1234560000000000000005 /* HotPatchDemo/builtin_shim.cpp in Sources */ = {isa = PBXBuildFile; fileRef = AA1234560000000000000005 /* HotPatchDemo/builtin_shim.cpp */; };
		BB1234560000000000000006 /* HotPatchDemo/snapshot.S in Sources */ = {isa = PBXBuildFile; fileRef = AA1234560000000000000006 /* HotPatchDemo/snapshot.S */; };
		BB123456000000000000000A /* HotPatchDemo/patch.dill in Resources */ = {isa = PBXBuildFile; fileRef = AA1234560000000000000007 /* HotPatchDemo/patch.dill */; };
		BB123456000000000000000B /* HotPatchDemo/LaunchScreen.storyboard in Resources */ = {isa = PBXBuildFile; fileRef = AA123456000000000000000A /* HotPatchDemo/LaunchScreen.storyboard */; };
/* End PBXBuildFile section */

/* Begin PBXFileReference section */
		29B97318FDCFA39411CA2CEA /* HotPatchDemo.app */ = {isa = PBXFileReference; explicitFileType = wrapper.application; includeInIndex = 0; path = HotPatchDemo.app; sourceTree = BUILT_PRODUCTS_DIR; };
		AA1234560000000000000001 /* HotPatchDemo/AppDelegate.m */ = {isa = PBXFileReference; lastKnownFileType = sourcecode.c.objc; path = HotPatchDemo/AppDelegate.m; sourceTree = SOURCE_ROOT; };
		AA1234560000000000000002 /* HotPatchDemo/ViewController.m */ = {isa = PBXFileReference; lastKnownFileType = sourcecode.c.objc; path = HotPatchDemo/ViewController.m; sourceTree = SOURCE_ROOT; };
		AA1234560000000000000003 /* HotPatchDemo/dart_harness.c */ = {isa = PBXFileReference; lastKnownFileType = sourcecode.c.c; path = HotPatchDemo/dart_harness.c; sourceTree = SOURCE_ROOT; };
		AA1234560000000000000004 /* HotPatchDemo/dart_harness.h */ = {isa = PBXFileReference; lastKnownFileType = sourcecode.c.h; path = HotPatchDemo/dart_harness.h; sourceTree = SOURCE_ROOT; };
		AA1234560000000000000005 /* HotPatchDemo/builtin_shim.cpp */ = {isa = PBXFileReference; lastKnownFileType = sourcecode.cpp.cpp; path = HotPatchDemo/builtin_shim.cpp; sourceTree = SOURCE_ROOT; };
		AA1234560000000000000006 /* HotPatchDemo/snapshot.S */ = {isa = PBXFileReference; lastKnownFileType = sourcecode.asm; path = HotPatchDemo/snapshot.S; sourceTree = SOURCE_ROOT; };
		AA1234560000000000000007 /* HotPatchDemo/patch.dill */ = {isa = PBXFileReference; lastKnownFileType = file; path = HotPatchDemo/patch.dill; sourceTree = SOURCE_ROOT; };
		AA1234560000000000000008 /* HotPatchDemo/dart_api.h */ = {isa = PBXFileReference; lastKnownFileType = sourcecode.c.h; path = HotPatchDemo/dart_api.h; sourceTree = SOURCE_ROOT; };
		AA123456000000000000000A /* HotPatchDemo/LaunchScreen.storyboard */ = {isa = PBXFileReference; lastKnownFileType = file.storyboard; path = HotPatchDemo/LaunchScreen.storyboard; sourceTree = SOURCE_ROOT; };
/* End PBXFileReference section */

/* Begin PBXFrameworksBuildPhase section */
		29B97320FDCFA39411CA2CEA /* Frameworks */ = {
			isa = PBXFrameworksBuildPhase;
			buildActionMask = 2147483647;
			files = (
			);
			runOnlyForDeploymentPostprocessing = 0;
		};
/* End PBXFrameworksBuildPhase section */

/* Begin PBXGroup section */
		29B97315FDCFA39411CA2CEA = {
			isa = PBXGroup;
			children = (
				AA123456000000000000000C /* HotPatchDemo */,
				29B97317FDCFA39411CA2CEA /* Products */,
			);
			sourceTree = "<group>";
		};
		29B97317FDCFA39411CA2CEA /* Products */ = {
			isa = PBXGroup;
			children = (
				29B97318FDCFA39411CA2CEA /* HotPatchDemo.app */,
			);
			name = Products;
			sourceTree = "<group>";
		};
		AA123456000000000000000C /* HotPatchDemo */ = {
			isa = PBXGroup;
			children = (
				AA1234560000000000000001 /* HotPatchDemo/AppDelegate.m */,
				AA1234560000000000000002 /* HotPatchDemo/ViewController.m */,
				AA1234560000000000000003 /* HotPatchDemo/dart_harness.c */,
				AA1234560000000000000004 /* HotPatchDemo/dart_harness.h */,
				AA1234560000000000000005 /* HotPatchDemo/builtin_shim.cpp */,
				AA1234560000000000000006 /* HotPatchDemo/snapshot.S */,
				AA1234560000000000000007 /* HotPatchDemo/patch.dill */,
				AA1234560000000000000008 /* HotPatchDemo/dart_api.h */,
				AA123456000000000000000A /* HotPatchDemo/LaunchScreen.storyboard */,
			);
			name = HotPatchDemo;
			sourceTree = "<group>";
		};
/* End PBXGroup section */

/* Begin PBXNativeTarget section */
		29B97316FDCFA39411CA2CEA /* HotPatchDemo */ = {
			isa = PBXNativeTarget;
			buildConfigurationList = 29B97325FDCFA39411CA2CEA /* Build configuration list for PBXNativeTarget "HotPatchDemo" */;
			buildPhases = (
				29B97319FDCFA39411CA2CEA /* Sources */,
				29B97320FDCFA39411CA2CEA /* Frameworks */,
				29B97321FDCFA39411CA2CEA /* Resources */,
				CC123456000000000000001A /* Copy patch_bundle */,
			);
			buildRules = (
			);
			dependencies = (
			);
			name = HotPatchDemo;
			productName = HotPatchDemo;
			productReference = 29B97318FDCFA39411CA2CEA /* HotPatchDemo.app */;
			productType = "com.apple.product-type.application";
		};
/* End PBXNativeTarget section */

/* Begin PBXProject section */
		29B97314FDCFA39411CA2CEA /* Project object */ = {
			isa = PBXProject;
			attributes = {
				BuildIndependentTargetsInParallel = 1;
				LastUpgradeCheck = 1600;
				TargetAttributes = {
					29B97316FDCFA39411CA2CEA = {
						CreatedOnToolsVersion = 16.0;
					};
				};
			};
			buildConfigurationList = 29B97324FDCFA39411CA2CEA /* Build configuration list for PBXProject "HotPatchDemo" */;
			compatibilityVersion = "Xcode 14.0";
			developmentRegion = en;
			hasScannedForEncodings = 0;
			knownRegions = (
				en,
				Base,
			);
			mainGroup = 29B97315FDCFA39411CA2CEA;
			productRefGroup = 29B97317FDCFA39411CA2CEA /* Products */;
			projectDirPath = "";
			projectRoot = "";
			targets = (
				29B97316FDCFA39411CA2CEA /* HotPatchDemo */,
			);
		};
/* End PBXProject section */

/* Begin PBXResourcesBuildPhase section */
		29B97321FDCFA39411CA2CEA /* Resources */ = {
			isa = PBXResourcesBuildPhase;
			buildActionMask = 2147483647;
			files = (
				BB123456000000000000000A /* HotPatchDemo/patch.dill in Resources */,
				BB123456000000000000000B /* HotPatchDemo/LaunchScreen.storyboard in Resources */,
			);
			runOnlyForDeploymentPostprocessing = 0;
		};
/* End PBXResourcesBuildPhase section */

/* Begin PBXShellScriptBuildPhase section */
		CC123456000000000000001A /* Copy patch_bundle */ = {
			isa = PBXShellScriptBuildPhase;
			buildActionMask = 2147483647;
			files = (
			);
			inputPaths = (
				"$(SRCROOT)/HotPatchDemo/patch_bundle",
			);
			name = "Copy patch_bundle";
			outputPaths = (
				"$(BUILT_PRODUCTS_DIR)/$(CONTENTS_FOLDER_PATH)/patch_bundle",
			);
			runOnlyForDeploymentPostprocessing = 0;
			shellPath = /bin/sh;
			shellScript = "cp -r \"$SRCROOT/HotPatchDemo/patch_bundle\" \"$BUILT_PRODUCTS_DIR/$CONTENTS_FOLDER_PATH/\"\n";
		};
/* End PBXShellScriptBuildPhase section */

/* Begin PBXSourcesBuildPhase section */
		29B97319FDCFA39411CA2CEA /* Sources */ = {
			isa = PBXSourcesBuildPhase;
			buildActionMask = 2147483647;
			files = (
				BB1234560000000000000001 /* HotPatchDemo/AppDelegate.m in Sources */,
				BB1234560000000000000002 /* HotPatchDemo/ViewController.m in Sources */,
				BB1234560000000000000003 /* HotPatchDemo/dart_harness.c in Sources */,
				BB1234560000000000000005 /* HotPatchDemo/builtin_shim.cpp in Sources */,
				BB1234560000000000000006 /* HotPatchDemo/snapshot.S in Sources */,
			);
			runOnlyForDeploymentPostprocessing = 0;
		};
/* End PBXSourcesBuildPhase section */

/* Begin XCBuildConfiguration section */
		29B97322FDCFA39411CA2CEA /* Debug */ = {
			isa = XCBuildConfiguration;
			buildSettings = {
				ARCHS = arm64;
				CLANG_CXX_LANGUAGE_STANDARD = "c++20";
				CLANG_ENABLE_MODULES = NO;
				CODE_SIGN_IDENTITY = "iPhone Developer";
				CODE_SIGN_STYLE = Automatic;
				DEVELOPMENT_TEAM = 7VP87G446C;
				HEADER_SEARCH_PATHS = (
					"$(inherited)",
					/Users/Cruz/dart/sdk/runtime/include,
				);
				INFOPLIST_FILE = HotPatchDemo/Info.plist;
				IPHONEOS_DEPLOYMENT_TARGET = 16.0;
				LIBRARY_SEARCH_PATHS = (
					"$(inherited)",
					/Users/Cruz/Documents/flutter_hot_patcher/spikes/m3_ios_realdevice/build,
				);
				OTHER_LDFLAGS = (
					"-ObjC",
					"-ldart_aot_ios",
					"-lflutter_hotpatch_updater",
					"-ldart_aotruntime_product",
					"-ldouble_conversion",
					"-lboringssl",
					"-licu",
					"-ldart_chrome_zlib",
					"-lperfetto",
					"-ldart_cxxabi",
					"-ldart_cxx",
					"-lc++",
					"-lpthread",
					"-ldl",
					"-framework",
					Foundation,
					"-framework",
					Security,
					"-lresolv",
					"-lresolv",
					"-framework",
					UIKit,
					"-framework",
					CoreFoundation,
					"-framework",
					CoreGraphics,
				);
				PRODUCT_BUNDLE_IDENTIFIER = org.hotpatch.m3demo;
				PRODUCT_NAME = "$(TARGET_NAME)";
				SDKROOT = iphoneos;
				SUPPORTED_PLATFORMS = iphoneos;
				TARGETED_DEVICE_FAMILY = 1;
				VALID_ARCHS = arm64;
			};
			name = Debug;
		};
		29B97323FDCFA39411CA2CEA /* Release */ = {
			isa = XCBuildConfiguration;
			buildSettings = {
				ARCHS = arm64;
				CLANG_CXX_LANGUAGE_STANDARD = "c++20";
				CLANG_ENABLE_MODULES = NO;
				CODE_SIGN_IDENTITY = "iPhone Developer";
				CODE_SIGN_STYLE = Automatic;
				DEVELOPMENT_TEAM = "";
				HEADER_SEARCH_PATHS = (
					"$(inherited)",
					/Users/Cruz/dart/sdk/runtime/include,
				);
				INFOPLIST_FILE = HotPatchDemo/Info.plist;
				IPHONEOS_DEPLOYMENT_TARGET = 16.0;
				LIBRARY_SEARCH_PATHS = (
					"$(inherited)",
					/Users/Cruz/Documents/flutter_hot_patcher/spikes/m3_ios_realdevice/build,
				);
				OTHER_LDFLAGS = (
					"-ObjC",
					"-ldart_aot_ios",
					"-lflutter_hotpatch_updater",
					"-ldart_aotruntime_product",
					"-ldouble_conversion",
					"-lboringssl",
					"-licu",
					"-ldart_chrome_zlib",
					"-lperfetto",
					"-ldart_cxxabi",
					"-ldart_cxx",
					"-lc++",
					"-lpthread",
					"-ldl",
					"-framework",
					Foundation,
					"-framework",
					Security,
					"-lresolv",
					"-lresolv",
					"-framework",
					UIKit,
					"-framework",
					CoreFoundation,
					"-framework",
					CoreGraphics,
				);
				PRODUCT_BUNDLE_IDENTIFIER = org.hotpatch.m3demo;
				PRODUCT_NAME = "$(TARGET_NAME)";
				SDKROOT = iphoneos;
				SUPPORTED_PLATFORMS = iphoneos;
				TARGETED_DEVICE_FAMILY = 1;
				VALID_ARCHS = arm64;
			};
			name = Release;
		};
		29B97326FDCFA39411CA2CEA /* Debug */ = {
			isa = XCBuildConfiguration;
			buildSettings = {
				ALWAYS_SEARCH_USER_PATHS = NO;
				IPHONEOS_DEPLOYMENT_TARGET = 16.0;
				SDKROOT = iphoneos;
			};
			name = Debug;
		};
		29B97327FDCFA39411CA2CEA /* Release */ = {
			isa = XCBuildConfiguration;
			buildSettings = {
				ALWAYS_SEARCH_USER_PATHS = NO;
				IPHONEOS_DEPLOYMENT_TARGET = 16.0;
				SDKROOT = iphoneos;
			};
			name = Release;
		};
/* End XCBuildConfiguration section */

/* Begin XCConfigurationList section */
		29B97324FDCFA39411CA2CEA /* Build configuration list for PBXProject "HotPatchDemo" */ = {
			isa = XCConfigurationList;
			buildConfigurations = (
				29B97326FDCFA39411CA2CEA /* Debug */,
				29B97327FDCFA39411CA2CEA /* Release */,
			);
			defaultConfigurationIsVisible = 0;
			defaultConfigurationName = Release;
		};
		29B97325FDCFA39411CA2CEA /* Build configuration list for PBXNativeTarget "HotPatchDemo" */ = {
			isa = XCConfigurationList;
			buildConfigurations = (
				29B97322FDCFA39411CA2CEA /* Debug */,
				29B97323FDCFA39411CA2CEA /* Release */,
			);
			defaultConfigurationIsVisible = 0;
			defaultConfigurationName = Release;
		};
/* End XCConfigurationList section */
	};
	rootObject = 29B97314FDCFA39411CA2CEA /* Project object */;
}
