PODS:
  - dart_hotpatch_plugin (0.0.1):
    - Flutter
  - Flutter (1.0.0)

DEPENDENCIES:
  - dart_hotpatch_plugin (from `.symlinks/plugins/dart_hotpatch_plugin/ios`)
  - Flutter (from `Flutter`)

EXTERNAL SOURCES:
  dart_hotpatch_plugin:
    :path: ".symlinks/plugins/dart_hotpatch_plugin/ios"
  Flutter:
    :path: Flutter

SPEC CHECKSUMS:
  dart_hotpatch_plugin: 83a112cbc2c26c9e27161555f5ca9ae2a9ad2cd2
  Flutter: e0871f40cf51350855a761d2e70bf5af5b9b5de7

PODFILE CHECKSUM: 3c63482e143d1b91d2d2560aee9fb04ecc74ac7e

COCOAPODS: 1.16.2
